
Microsoft Visual Studio Solution File, Format Version 12.00
# Visual Studio 15
VisualStudioVersion = 15.0.28307.757
MinimumVisualStudioVersion = 10.0.40219.1
Project("{FAE04EC0-301F-11D3-BF4B-00C04F79EFBC}") = "MailGroup.API", "MailGroup.API\MailGroup.API.csproj", "{3C820A74-64C9-4450-84B2-1CA856FBA3C0}"
EndProject
Global
	GlobalSection(SolutionConfigurationPlatforms) = preSolution
		Debug|Any CPU = Debug|Any CPU
		Release|Any CPU = Release|Any CPU
	EndGlobalSection
	GlobalSection(ProjectConfigurationPlatforms) = postSolution
		{3C820A74-64C9-4450-84B2-1CA856FBA3C0}.Debug|Any CPU.ActiveCfg = Debug|Any CPU
		{3C820A74-64C9-4450-84B2-1CA856FBA3C0}.Debug|Any CPU.Build.0 = Debug|Any CPU
		{3C820A74-64C9-4450-84B2-1CA856FBA3C0}.Release|Any CPU.ActiveCfg = Release|Any CPU
		{3C820A74-64C9-4450-84B2-1CA856FBA3C0}.Release|Any CPU.Build.0 = Release|Any CPU
	EndGlobalSection
	GlobalSection(SolutionProperties) = preSolution
		HideSolutionNode = FALSE
	EndGlobalSection
	GlobalSection(ExtensibilityGlobals) = postSolution
		SolutionGuid = {8BE2873E-D106-40CB-8D99-7F470BF1BA4C}
	EndGlobalSection
EndGlobal
